
Microsoft Visual Studio Solution File, Format Version 12.00
Project("{FAE04EC0-301F-11D3-BF4B-00C04F79EFBC}") = "Gym.API", "Gym.API\Gym.API.csproj", "{8944DC6E-32EF-45E0-B3AB-D4A19E627E6D}"
EndProject
Global
	GlobalSection(SolutionConfigurationPlatforms) = preSolution
		Debug|Any CPU = Debug|Any CPU
		Release|Any CPU = Release|Any CPU
	EndGlobalSection
	GlobalSection(ProjectConfigurationPlatforms) = postSolution
		{8944DC6E-32EF-45E0-B3AB-D4A19E627E6D}.Debug|Any CPU.ActiveCfg = Debug|Any CPU
		{8944DC6E-32EF-45E0-B3AB-D4A19E627E6D}.Debug|Any CPU.Build.0 = Debug|Any CPU
		{8944DC6E-32EF-45E0-B3AB-D4A19E627E6D}.Release|Any CPU.ActiveCfg = Release|Any CPU
		{8944DC6E-32EF-45E0-B3AB-D4A19E627E6D}.Release|Any CPU.Build.0 = Release|Any CPU
	EndGlobalSection
EndGlobal
